
Microsoft Visual Studio Solution File, Format Version 12.00
# Visual Studio Version 17
VisualStudioVersion = 17.3.32804.467
MinimumVisualStudioVersion = 10.0.40219.1
Project("{9A19103F-16F7-4668-BE54-9A1E7A4F7556}") = "E-Commerce Saga", "E-Commerce Saga.csproj", "{B5F6DFC2-DF6F-45CF-AB15-3DF709EAC2C7}"
EndProject
Project("{2150E333-8FDC-42A3-9474-1A3956D46DE8}") = "Common", "Common", "{C11B302B-261C-4102-A71D-062626F26C90}"
EndProject
Project("{2150E333-8FDC-42A3-9474-1A3956D46DE8}") = "Services", "Services", "{CE95A5A6-076C-4E88-A29B-413815FEA1E5}"
EndProject
Project("{2150E333-8FDC-42A3-9474-1A3956D46DE8}") = "Identity", "Identity", "{BD0F15B1-4DC4-47CF-A52B-CDE63069A222}"
EndProject
Project("{2150E333-8FDC-42A3-9474-1A3956D46DE8}") = "Email", "Email", "{0C67B176-2AD7-423C-9200-76926A4E3EAA}"
EndProject
Project("{2150E333-8FDC-42A3-9474-1A3956D46DE8}") = "Shop", "Shop", "{BA25C27D-C192-4F4E-980C-D33A2D0467DF}"
EndProject
Project("{2150E333-8FDC-42A3-9474-1A3956D46DE8}") = "Product", "Product", "{91E25618-14EC-4753-95B4-CE6D3E12C660}"
EndProject
Project("{9A19103F-16F7-4668-BE54-9A1E7A4F7556}") = "Email.Core", "..\Email.Core\Email.Core.csproj", "{0B1A2E3C-B07A-4898-A33D-E9A1CD7FCBE4}"
EndProject
Project("{9A19103F-16F7-4668-BE54-9A1E7A4F7556}") = "Email.DataAccess", "..\Email.DataAccess\Email.DataAccess.csproj", "{52F6E78D-F2BE-432A-A4D7-360D127B7FB0}"
EndProject
Project("{9A19103F-16F7-4668-BE54-9A1E7A4F7556}") = "Identity.Core", "..\Identity.Core\Identity.Core.csproj", "{2A86E76E-3D37-4AD3-AFD8-1CC7DE777D8B}"
EndProject
Project("{9A19103F-16F7-4668-BE54-9A1E7A4F7556}") = "Identity.DataAccess", "..\Identity.DataAccess\Identity.DataAccess.csproj", "{C720097C-0E5D-4973-8101-01EE917491E6}"
EndProject
Project("{9A19103F-16F7-4668-BE54-9A1E7A4F7556}") = "Product.Core", "..\Product.Core\Product.Core.csproj", "{C1654279-8DEC-489B-8AB8-E7AB2E79E011}"
EndProject
Project("{9A19103F-16F7-4668-BE54-9A1E7A4F7556}") = "Product.DataAccess", "..\Product.DataAccess\Product.DataAccess.csproj", "{85DD6660-957C-4FAD-A2CB-69DBCAC4A01E}"
EndProject
Project("{9A19103F-16F7-4668-BE54-9A1E7A4F7556}") = "Shop.Core", "..\Shop.Core\Shop.Core.csproj", "{70DFB668-0975-4357-847B-07CD2B290253}"
EndProject
Project("{9A19103F-16F7-4668-BE54-9A1E7A4F7556}") = "Shop.DataAcess", "..\Shop.DataAcess\Shop.DataAcess.csproj", "{FFD2C190-578B-432B-8721-9B6A69467901}"
EndProject
Project("{9A19103F-16F7-4668-BE54-9A1E7A4F7556}") = "Email.SDK", "..\Email.SDK\Email.SDK.csproj", "{530DC8C1-E989-4810-9A9C-805AF3456B5A}"
EndProject
Project("{9A19103F-16F7-4668-BE54-9A1E7A4F7556}") = "Identity.SDK", "..\Identity.SDK\Identity.SDK.csproj", "{BEEC9263-EDCD-40C8-97BC-333A4717B752}"
EndProject
Project("{9A19103F-16F7-4668-BE54-9A1E7A4F7556}") = "Product.SDK", "..\Product.SDK\Product.SDK.csproj", "{697B7923-0214-4AEC-85EF-C30F9E8D0057}"
EndProject
Project("{9A19103F-16F7-4668-BE54-9A1E7A4F7556}") = "Shop.SDK", "..\Shop.SDK\Shop.SDK.csproj", "{38CEE9B7-B7C5-4594-8D28-F8CCF6121713}"
EndProject
Project("{9A19103F-16F7-4668-BE54-9A1E7A4F7556}") = "Common.Base", "..\Common.Base\Common.Base.csproj", "{EA871116-855A-4FC5-93DD-31EF06135380}"
EndProject
Project("{9A19103F-16F7-4668-BE54-9A1E7A4F7556}") = "Email.Web", "..\Email.Web\Email.Web.csproj", "{20218033-1CC8-40D9-B8D5-F1AB93D6CC06}"
EndProject
Project("{9A19103F-16F7-4668-BE54-9A1E7A4F7556}") = "Common.Extension", "..\Common.Extension\Common.Extension.csproj", "{F1FBBBC0-B77E-4E39-920A-F7577C99D7D1}"
EndProject
Project("{FAE04EC0-301F-11D3-BF4B-00C04F79EFBC}") = "Identity.Web", "..\Identity.Web\Identity.Web.csproj", "{3EF17169-64C8-41A2-916A-8B7703E920E5}"
EndProject
Project("{FAE04EC0-301F-11D3-BF4B-00C04F79EFBC}") = "Product.Web", "..\Product.Web\Product.Web.csproj", "{A2E9774C-DB7A-4B33-A17F-CE808F6B3D0C}"
EndProject
Project("{FAE04EC0-301F-11D3-BF4B-00C04F79EFBC}") = "Shop.Web", "..\Shop.Web\Shop.Web.csproj", "{F8CF5A0A-8F23-42A8-B306-BCB99640C379}"
EndProject
Global
	GlobalSection(SolutionConfigurationPlatforms) = preSolution
		Debug|Any CPU = Debug|Any CPU
		Release|Any CPU = Release|Any CPU
	EndGlobalSection
	GlobalSection(ProjectConfigurationPlatforms) = postSolution
		{B5F6DFC2-DF6F-45CF-AB15-3DF709EAC2C7}.Debug|Any CPU.ActiveCfg = Debug|Any CPU
		{B5F6DFC2-DF6F-45CF-AB15-3DF709EAC2C7}.Debug|Any CPU.Build.0 = Debug|Any CPU
		{B5F6DFC2-DF6F-45CF-AB15-3DF709EAC2C7}.Release|Any CPU.ActiveCfg = Release|Any CPU
		{B5F6DFC2-DF6F-45CF-AB15-3DF709EAC2C7}.Release|Any CPU.Build.0 = Release|Any CPU
		{0B1A2E3C-B07A-4898-A33D-E9A1CD7FCBE4}.Debug|Any CPU.ActiveCfg = Debug|Any CPU
		{0B1A2E3C-B07A-4898-A33D-E9A1CD7FCBE4}.Debug|Any CPU.Build.0 = Debug|Any CPU
		{0B1A2E3C-B07A-4898-A33D-E9A1CD7FCBE4}.Release|Any CPU.ActiveCfg = Release|Any CPU
		{0B1A2E3C-B07A-4898-A33D-E9A1CD7FCBE4}.Release|Any CPU.Build.0 = Release|Any CPU
		{52F6E78D-F2BE-432A-A4D7-360D127B7FB0}.Debug|Any CPU.ActiveCfg = Debug|Any CPU
		{52F6E78D-F2BE-432A-A4D7-360D127B7FB0}.Debug|Any CPU.Build.0 = Debug|Any CPU
		{52F6E78D-F2BE-432A-A4D7-360D127B7FB0}.Release|Any CPU.ActiveCfg = Release|Any CPU
		{52F6E78D-F2BE-432A-A4D7-360D127B7FB0}.Release|Any CPU.Build.0 = Release|Any CPU
		{2A86E76E-3D37-4AD3-AFD8-1CC7DE777D8B}.Debug|Any CPU.ActiveCfg = Debug|Any CPU
		{2A86E76E-3D37-4AD3-AFD8-1CC7DE777D8B}.Debug|Any CPU.Build.0 = Debug|Any CPU
		{2A86E76E-3D37-4AD3-AFD8-1CC7DE777D8B}.Release|Any CPU.ActiveCfg = Release|Any CPU
		{2A86E76E-3D37-4AD3-AFD8-1CC7DE777D8B}.Release|Any CPU.Build.0 = Release|Any CPU
		{C720097C-0E5D-4973-8101-01EE917491E6}.Debug|Any CPU.ActiveCfg = Debug|Any CPU
		{C720097C-0E5D-4973-8101-01EE917491E6}.Debug|Any CPU.Build.0 = Debug|Any CPU
		{C720097C-0E5D-4973-8101-01EE917491E6}.Release|Any CPU.ActiveCfg = Release|Any CPU
		{C720097C-0E5D-4973-8101-01EE917491E6}.Release|Any CPU.Build.0 = Release|Any CPU
		{C1654279-8DEC-489B-8AB8-E7AB2E79E011}.Debug|Any CPU.ActiveCfg = Debug|Any CPU
		{C1654279-8DEC-489B-8AB8-E7AB2E79E011}.Debug|Any CPU.Build.0 = Debug|Any CPU
		{C1654279-8DEC-489B-8AB8-E7AB2E79E011}.Release|Any CPU.ActiveCfg = Release|Any CPU
		{C1654279-8DEC-489B-8AB8-E7AB2E79E011}.Release|Any CPU.Build.0 = Release|Any CPU
		{85DD6660-957C-4FAD-A2CB-69DBCAC4A01E}.Debug|Any CPU.ActiveCfg = Debug|Any CPU
		{85DD6660-957C-4FAD-A2CB-69DBCAC4A01E}.Debug|Any CPU.Build.0 = Debug|Any CPU
		{85DD6660-957C-4FAD-A2CB-69DBCAC4A01E}.Release|Any CPU.ActiveCfg = Release|Any CPU
		{85DD6660-957C-4FAD-A2CB-69DBCAC4A01E}.Release|Any CPU.Build.0 = Release|Any CPU
		{70DFB668-0975-4357-847B-07CD2B290253}.Debug|Any CPU.ActiveCfg = Debug|Any CPU
		{70DFB668-0975-4357-847B-07CD2B290253}.Debug|Any CPU.Build.0 = Debug|Any CPU
		{70DFB668-0975-4357-847B-07CD2B290253}.Release|Any CPU.ActiveCfg = Release|Any CPU
		{70DFB668-0975-4357-847B-07CD2B290253}.Release|Any CPU.Build.0 = Release|Any CPU
		{FFD2C190-578B-432B-8721-9B6A69467901}.Debug|Any CPU.ActiveCfg = Debug|Any CPU
		{FFD2C190-578B-432B-8721-9B6A69467901}.Debug|Any CPU.Build.0 = Debug|Any CPU
		{FFD2C190-578B-432B-8721-9B6A69467901}.Release|Any CPU.ActiveCfg = Release|Any CPU
		{FFD2C190-578B-432B-8721-9B6A69467901}.Release|Any CPU.Build.0 = Release|Any CPU
		{530DC8C1-E989-4810-9A9C-805AF3456B5A}.Debug|Any CPU.ActiveCfg = Debug|Any CPU
		{530DC8C1-E989-4810-9A9C-805AF3456B5A}.Debug|Any CPU.Build.0 = Debug|Any CPU
		{530DC8C1-E989-4810-9A9C-805AF3456B5A}.Release|Any CPU.ActiveCfg = Release|Any CPU
		{530DC8C1-E989-4810-9A9C-805AF3456B5A}.Release|Any CPU.Build.0 = Release|Any CPU
		{BEEC9263-EDCD-40C8-97BC-333A4717B752}.Debug|Any CPU.ActiveCfg = Debug|Any CPU
		{BEEC9263-EDCD-40C8-97BC-333A4717B752}.Debug|Any CPU.Build.0 = Debug|Any CPU
		{BEEC9263-EDCD-40C8-97BC-333A4717B752}.Release|Any CPU.ActiveCfg = Release|Any CPU
		{BEEC9263-EDCD-40C8-97BC-333A4717B752}.Release|Any CPU.Build.0 = Release|Any CPU
		{697B7923-0214-4AEC-85EF-C30F9E8D0057}.Debug|Any CPU.ActiveCfg = Debug|Any CPU
		{697B7923-0214-4AEC-85EF-C30F9E8D0057}.Debug|Any CPU.Build.0 = Debug|Any CPU
		{697B7923-0214-4AEC-85EF-C30F9E8D0057}.Release|Any CPU.ActiveCfg = Release|Any CPU
		{697B7923-0214-4AEC-85EF-C30F9E8D0057}.Release|Any CPU.Build.0 = Release|Any CPU
		{38CEE9B7-B7C5-4594-8D28-F8CCF6121713}.Debug|Any CPU.ActiveCfg = Debug|Any CPU
		{38CEE9B7-B7C5-4594-8D28-F8CCF6121713}.Debug|Any CPU.Build.0 = Debug|Any CPU
		{38CEE9B7-B7C5-4594-8D28-F8CCF6121713}.Release|Any CPU.ActiveCfg = Release|Any CPU
		{38CEE9B7-B7C5-4594-8D28-F8CCF6121713}.Release|Any CPU.Build.0 = Release|Any CPU
		{EA871116-855A-4FC5-93DD-31EF06135380}.Debug|Any CPU.ActiveCfg = Debug|Any CPU
		{EA871116-855A-4FC5-93DD-31EF06135380}.Debug|Any CPU.Build.0 = Debug|Any CPU
		{EA871116-855A-4FC5-93DD-31EF06135380}.Release|Any CPU.ActiveCfg = Release|Any CPU
		{EA871116-855A-4FC5-93DD-31EF06135380}.Release|Any CPU.Build.0 = Release|Any CPU
		{20218033-1CC8-40D9-B8D5-F1AB93D6CC06}.Debug|Any CPU.ActiveCfg = Debug|Any CPU
		{20218033-1CC8-40D9-B8D5-F1AB93D6CC06}.Debug|Any CPU.Build.0 = Debug|Any CPU
		{20218033-1CC8-40D9-B8D5-F1AB93D6CC06}.Release|Any CPU.ActiveCfg = Release|Any CPU
		{20218033-1CC8-40D9-B8D5-F1AB93D6CC06}.Release|Any CPU.Build.0 = Release|Any CPU
		{F1FBBBC0-B77E-4E39-920A-F7577C99D7D1}.Debug|Any CPU.ActiveCfg = Debug|Any CPU
		{F1FBBBC0-B77E-4E39-920A-F7577C99D7D1}.Debug|Any CPU.Build.0 = Debug|Any CPU
		{F1FBBBC0-B77E-4E39-920A-F7577C99D7D1}.Release|Any CPU.ActiveCfg = Release|Any CPU
		{F1FBBBC0-B77E-4E39-920A-F7577C99D7D1}.Release|Any CPU.Build.0 = Release|Any CPU
		{3EF17169-64C8-41A2-916A-8B7703E920E5}.Debug|Any CPU.ActiveCfg = Debug|Any CPU
		{3EF17169-64C8-41A2-916A-8B7703E920E5}.Debug|Any CPU.Build.0 = Debug|Any CPU
		{3EF17169-64C8-41A2-916A-8B7703E920E5}.Release|Any CPU.ActiveCfg = Release|Any CPU
		{3EF17169-64C8-41A2-916A-8B7703E920E5}.Release|Any CPU.Build.0 = Release|Any CPU
		{A2E9774C-DB7A-4B33-A17F-CE808F6B3D0C}.Debug|Any CPU.ActiveCfg = Debug|Any CPU
		{A2E9774C-DB7A-4B33-A17F-CE808F6B3D0C}.Debug|Any CPU.Build.0 = Debug|Any CPU
		{A2E9774C-DB7A-4B33-A17F-CE808F6B3D0C}.Release|Any CPU.ActiveCfg = Release|Any CPU
		{A2E9774C-DB7A-4B33-A17F-CE808F6B3D0C}.Release|Any CPU.Build.0 = Release|Any CPU
		{F8CF5A0A-8F23-42A8-B306-BCB99640C379}.Debug|Any CPU.ActiveCfg = Debug|Any CPU
		{F8CF5A0A-8F23-42A8-B306-BCB99640C379}.Debug|Any CPU.Build.0 = Debug|Any CPU
		{F8CF5A0A-8F23-42A8-B306-BCB99640C379}.Release|Any CPU.ActiveCfg = Release|Any CPU
		{F8CF5A0A-8F23-42A8-B306-BCB99640C379}.Release|Any CPU.Build.0 = Release|Any CPU
	EndGlobalSection
	GlobalSection(SolutionProperties) = preSolution
		HideSolutionNode = FALSE
	EndGlobalSection
	GlobalSection(NestedProjects) = preSolution
		{BD0F15B1-4DC4-47CF-A52B-CDE63069A222} = {CE95A5A6-076C-4E88-A29B-413815FEA1E5}
		{0C67B176-2AD7-423C-9200-76926A4E3EAA} = {CE95A5A6-076C-4E88-A29B-413815FEA1E5}
		{BA25C27D-C192-4F4E-980C-D33A2D0467DF} = {CE95A5A6-076C-4E88-A29B-413815FEA1E5}
		{91E25618-14EC-4753-95B4-CE6D3E12C660} = {CE95A5A6-076C-4E88-A29B-413815FEA1E5}
		{0B1A2E3C-B07A-4898-A33D-E9A1CD7FCBE4} = {0C67B176-2AD7-423C-9200-76926A4E3EAA}
		{52F6E78D-F2BE-432A-A4D7-360D127B7FB0} = {0C67B176-2AD7-423C-9200-76926A4E3EAA}
		{2A86E76E-3D37-4AD3-AFD8-1CC7DE777D8B} = {BD0F15B1-4DC4-47CF-A52B-CDE63069A222}
		{C720097C-0E5D-4973-8101-01EE917491E6} = {BD0F15B1-4DC4-47CF-A52B-CDE63069A222}
		{C1654279-8DEC-489B-8AB8-E7AB2E79E011} = {91E25618-14EC-4753-95B4-CE6D3E12C660}
		{85DD6660-957C-4FAD-A2CB-69DBCAC4A01E} = {91E25618-14EC-4753-95B4-CE6D3E12C660}
		{70DFB668-0975-4357-847B-07CD2B290253} = {BA25C27D-C192-4F4E-980C-D33A2D0467DF}
		{FFD2C190-578B-432B-8721-9B6A69467901} = {BA25C27D-C192-4F4E-980C-D33A2D0467DF}
		{530DC8C1-E989-4810-9A9C-805AF3456B5A} = {0C67B176-2AD7-423C-9200-76926A4E3EAA}
		{BEEC9263-EDCD-40C8-97BC-333A4717B752} = {BD0F15B1-4DC4-47CF-A52B-CDE63069A222}
		{697B7923-0214-4AEC-85EF-C30F9E8D0057} = {91E25618-14EC-4753-95B4-CE6D3E12C660}
		{38CEE9B7-B7C5-4594-8D28-F8CCF6121713} = {BA25C27D-C192-4F4E-980C-D33A2D0467DF}
		{EA871116-855A-4FC5-93DD-31EF06135380} = {C11B302B-261C-4102-A71D-062626F26C90}
		{20218033-1CC8-40D9-B8D5-F1AB93D6CC06} = {0C67B176-2AD7-423C-9200-76926A4E3EAA}
		{F1FBBBC0-B77E-4E39-920A-F7577C99D7D1} = {C11B302B-261C-4102-A71D-062626F26C90}
		{3EF17169-64C8-41A2-916A-8B7703E920E5} = {BD0F15B1-4DC4-47CF-A52B-CDE63069A222}
		{A2E9774C-DB7A-4B33-A17F-CE808F6B3D0C} = {91E25618-14EC-4753-95B4-CE6D3E12C660}
		{F8CF5A0A-8F23-42A8-B306-BCB99640C379} = {BA25C27D-C192-4F4E-980C-D33A2D0467DF}
	EndGlobalSection
	GlobalSection(ExtensibilityGlobals) = postSolution
		SolutionGuid = {671038BF-9950-43FE-9270-8212E04017D7}
	EndGlobalSection
EndGlobal
